
Microsoft Visual Studio Solution File, Format Version 12.00
# Visual Studio Version 16
VisualStudioVersion = 16.0.30204.135
MinimumVisualStudioVersion = 10.0.40219.1
Project("{9A19103F-16F7-4668-BE54-9A1E7A4F7556}") = "Codeterpret", "Codeterpret\Codeterpret.csproj", "{15091A3F-9F59-4BEE-90EE-C171B72DBAB8}"
EndProject
Project("{9A19103F-16F7-4668-BE54-9A1E7A4F7556}") = "TestConsole", "TestConsole\TestConsole.csproj", "{6501E52C-1D24-4BDF-8059-C71F30B74985}"
EndProject
Project("{9A19103F-16F7-4668-BE54-9A1E7A4F7556}") = "CodeterpretWeb", "CodeterpretWeb\CodeterpretWeb.csproj", "{7B44945E-245C-49EB-B068-0F5134F618A7}"
EndProject
Global
	GlobalSection(SolutionConfigurationPlatforms) = preSolution
		Debug|Any CPU = Debug|Any CPU
		Release|Any CPU = Release|Any CPU
	EndGlobalSection
	GlobalSection(ProjectConfigurationPlatforms) = postSolution
		{15091A3F-9F59-4BEE-90EE-C171B72DBAB8}.Debug|Any CPU.ActiveCfg = Debug|Any CPU
		{15091A3F-9F59-4BEE-90EE-C171B72DBAB8}.Debug|Any CPU.Build.0 = Debug|Any CPU
		{15091A3F-9F59-4BEE-90EE-C171B72DBAB8}.Release|Any CPU.ActiveCfg = Release|Any CPU
		{15091A3F-9F59-4BEE-90EE-C171B72DBAB8}.Release|Any CPU.Build.0 = Release|Any CPU
		{6501E52C-1D24-4BDF-8059-C71F30B74985}.Debug|Any CPU.ActiveCfg = Debug|Any CPU
		{6501E52C-1D24-4BDF-8059-C71F30B74985}.Debug|Any CPU.Build.0 = Debug|Any CPU
		{6501E52C-1D24-4BDF-8059-C71F30B74985}.Release|Any CPU.ActiveCfg = Release|Any CPU
		{6501E52C-1D24-4BDF-8059-C71F30B74985}.Release|Any CPU.Build.0 = Release|Any CPU
		{7B44945E-245C-49EB-B068-0F5134F618A7}.Debug|Any CPU.ActiveCfg = Debug|Any CPU
		{7B44945E-245C-49EB-B068-0F5134F618A7}.Debug|Any CPU.Build.0 = Debug|Any CPU
		{7B44945E-245C-49EB-B068-0F5134F618A7}.Release|Any CPU.ActiveCfg = Release|Any CPU
		{7B44945E-245C-49EB-B068-0F5134F618A7}.Release|Any CPU.Build.0 = Release|Any CPU
	EndGlobalSection
	GlobalSection(SolutionProperties) = preSolution
		HideSolutionNode = FALSE
	EndGlobalSection
	GlobalSection(ExtensibilityGlobals) = postSolution
		SolutionGuid = {96670D60-22FD-4F85-BF53-CB35E8AD2E0D}
	EndGlobalSection
EndGlobal
